
Microsoft Visual Studio Solution File, Format Version 12.00
# Visual Studio 15
Project("{FAE04EC0-301F-11D3-BF4B-00C04F79EFBC}") = "Assembly-CSharp", "Assembly-CSharp.csproj", "{5F10AFDE-4DB1-3D80-C9D4-5E73B4359B81}"
EndProject
Project("{FAE04EC0-301F-11D3-BF4B-00C04F79EFBC}") = "ShapesRuntime", "ShapesRuntime.csproj", "{EF2795D9-B4CF-7FEA-E61E-9FF132E3C29A}"
EndProject
Project("{FAE04EC0-301F-11D3-BF4B-00C04F79EFBC}") = "ShapesEditor", "ShapesEditor.csproj", "{A40FDFFB-2702-94AF-894C-ACF2E287A965}"
EndProject
Project("{FAE04EC0-301F-11D3-BF4B-00C04F79EFBC}") = "Assembly-CSharp-Editor", "Assembly-CSharp-Editor.csproj", "{9ECA3F51-9372-CAD2-921D-FED51FE011F6}"
EndProject
Global
	GlobalSection(SolutionConfigurationPlatforms) = preSolution
		Debug|Any CPU = Debug|Any CPU
		Release|Any CPU = Release|Any CPU
	EndGlobalSection
	GlobalSection(ProjectConfigurationPlatforms) = postSolution
		{5F10AFDE-4DB1-3D80-C9D4-5E73B4359B81}.Debug|Any CPU.ActiveCfg = Debug|Any CPU
		{5F10AFDE-4DB1-3D80-C9D4-5E73B4359B81}.Debug|Any CPU.Build.0 = Debug|Any CPU
		{5F10AFDE-4DB1-3D80-C9D4-5E73B4359B81}.Release|Any CPU.ActiveCfg = Release|Any CPU
		{5F10AFDE-4DB1-3D80-C9D4-5E73B4359B81}.Release|Any CPU.Build.0 = Release|Any CPU
		{EF2795D9-B4CF-7FEA-E61E-9FF132E3C29A}.Debug|Any CPU.ActiveCfg = Debug|Any CPU
		{EF2795D9-B4CF-7FEA-E61E-9FF132E3C29A}.Debug|Any CPU.Build.0 = Debug|Any CPU
		{EF2795D9-B4CF-7FEA-E61E-9FF132E3C29A}.Release|Any CPU.ActiveCfg = Release|Any CPU
		{EF2795D9-B4CF-7FEA-E61E-9FF132E3C29A}.Release|Any CPU.Build.0 = Release|Any CPU
		{A40FDFFB-2702-94AF-894C-ACF2E287A965}.Debug|Any CPU.ActiveCfg = Debug|Any CPU
		{A40FDFFB-2702-94AF-894C-ACF2E287A965}.Debug|Any CPU.Build.0 = Debug|Any CPU
		{A40FDFFB-2702-94AF-894C-ACF2E287A965}.Release|Any CPU.ActiveCfg = Release|Any CPU
		{A40FDFFB-2702-94AF-894C-ACF2E287A965}.Release|Any CPU.Build.0 = Release|Any CPU
		{9ECA3F51-9372-CAD2-921D-FED51FE011F6}.Debug|Any CPU.ActiveCfg = Debug|Any CPU
		{9ECA3F51-9372-CAD2-921D-FED51FE011F6}.Debug|Any CPU.Build.0 = Debug|Any CPU
		{9ECA3F51-9372-CAD2-921D-FED51FE011F6}.Release|Any CPU.ActiveCfg = Release|Any CPU
		{9ECA3F51-9372-CAD2-921D-FED51FE011F6}.Release|Any CPU.Build.0 = Release|Any CPU
	EndGlobalSection
	GlobalSection(SolutionProperties) = preSolution
		HideSolutionNode = FALSE
	EndGlobalSection
EndGlobal
